{
  "name": "node-hello-client",
  "version": "1.0.0",
  "lockfileVersion": 1,
  "requires": true,
  "dependencies": {
    "async": {
      "version": "1.0.0",
      "resolved": "https://registry.npmjs.org/async/-/async-1.0.0.tgz",
      "integrity": "sha1-+PwEyjoTeErenhZBr5hXjPvWR6k="
    },
    "base64-js": {
      "version": "1.3.0",
      "resolved": "https://registry.npmjs.org/base64-js/-/base64-js-1.3.0.tgz",
      "integrity": "sha512-ccav/yGvoa80BQDljCxsmmQ3Xvx60/UpBIij5QN21W3wBi/hhIC9OoO+KLpu9IJTS9j4DRVJ3aDDF9cMSoa2lw=="
    },
    "colors": {
      "version": "1.0.3",
      "resolved": "https://registry.npmjs.org/colors/-/colors-1.0.3.tgz",
      "integrity": "sha1-BDP0TYCWgP3rYO0mDxsMJi6CpAs="
    },
    "cycle": {
      "version": "1.0.3",
      "resolved": "https://registry.npmjs.org/cycle/-/cycle-1.0.3.tgz",
      "integrity": "sha1-IegLK+hYD5i0aPN5QwZisEbDStI="
    },
    "eyes": {
      "version": "0.1.8",
      "resolved": "https://registry.npmjs.org/eyes/-/eyes-0.1.8.tgz",
      "integrity": "sha1-Ys8SAjTGg3hdkCNIqADvPgzCC8A="
    },
    "fast-deep-equal": {
      "version": "2.0.1",
      "resolved": "https://registry.npmjs.org/fast-deep-equal/-/fast-deep-equal-2.0.1.tgz",
      "integrity": "sha1-ewUhjd+WZ79/Nwv3/bLLFf3Qqkk="
    },
    "graceful-fs": {
      "version": "4.1.15",
      "resolved": "https://registry.npmjs.org/graceful-fs/-/graceful-fs-4.1.15.tgz",
      "integrity": "sha512-6uHUhOPEBgQ24HM+r6b/QwWfZq+yiFcipKFrOFiBEnWdy5sdzYoi+pJeQaPI5qOLRFqWmAXUPQNsielzdLoecA=="
    },
    "imurmurhash": {
      "version": "0.1.4",
      "resolved": "https://registry.npmjs.org/imurmurhash/-/imurmurhash-0.1.4.tgz",
      "integrity": "sha1-khi5srkoojixPcT7a21XbyMUU+o="
    },
    "isstream": {
      "version": "0.1.2",
      "resolved": "https://registry.npmjs.org/isstream/-/isstream-0.1.2.tgz",
      "integrity": "sha1-R+Y/evVa+m+S4VAOaQ64uFKcCZo="
    },
    "launchdarkly-eventsource": {
      "version": "1.0.0",
      "resolved": "https://registry.npmjs.org/launchdarkly-eventsource/-/launchdarkly-eventsource-1.0.0.tgz",
      "integrity": "sha512-Wec3aCvfsbtmc+0VPj1izCCqH5VpYT4R2MNDzvg1NASBSlx6U7s2Ja6w4YjYgpjE/Z64rgJCHcMX7/6kCwnXPA==",
      "requires": {
        "original": "^1.0.0"
      }
    },
    "launchdarkly-node-client-sdk": {
      "version": "1.0.0-beta.2",
      "resolved": "https://registry.npmjs.org/launchdarkly-node-client-sdk/-/launchdarkly-node-client-sdk-1.0.0-beta.2.tgz",
      "integrity": "sha512-ObYTkHCiz3LmoTCwkvCAV1RcSD3QenXFqQqW2NhBBYOfStRFY96yguN3H8/NZdcPUpqTKGg7giU3Lz09/8xa0A==",
      "requires": {
        "launchdarkly-eventsource": "1.0.0",
        "ldclient-js-common": "^2.10.0",
        "node-localstorage": "^1.3.1",
        "original": "^1.0.0",
        "winston": "2.4.1"
      }
    },
    "ldclient-js-common": {
      "version": "2.10.2",
      "resolved": "https://registry.npmjs.org/ldclient-js-common/-/ldclient-js-common-2.10.2.tgz",
      "integrity": "sha512-V6o41jHrBZXl4x9CKl1SvyFUWOg9dlip68jVuzkXrsVjbxcaDqM+L3znPqkDmEmbjIX9eGPtJ4m++5HEjHZYpw==",
      "requires": {
        "base64-js": "1.3.0",
        "fast-deep-equal": "2.0.1",
        "uuid": "3.3.2"
      }
    },
    "node-localstorage": {
      "version": "1.3.1",
      "resolved": "https://registry.npmjs.org/node-localstorage/-/node-localstorage-1.3.1.tgz",
      "integrity": "sha512-NMWCSWWc6JbHT5PyWlNT2i8r7PgGYXVntmKawY83k/M0UJScZ5jirb61TLnqKwd815DfBQu+lR3sRw08SPzIaQ==",
      "requires": {
        "write-file-atomic": "^1.1.4"
      }
    },
    "original": {
      "version": "1.0.2",
      "resolved": "https://registry.npmjs.org/original/-/original-1.0.2.tgz",
      "integrity": "sha512-hyBVl6iqqUOJ8FqRe+l/gS8H+kKYjrEndd5Pm1MfBtsEKA038HkkdbAl/72EAXGyonD/PFsvmVG+EvcIpliMBg==",
      "requires": {
        "url-parse": "^1.4.3"
      }
    },
    "querystringify": {
      "version": "2.1.1",
      "resolved": "https://registry.npmjs.org/querystringify/-/querystringify-2.1.1.tgz",
      "integrity": "sha512-w7fLxIRCRT7U8Qu53jQnJyPkYZIaR4n5151KMfcJlO/A9397Wxb1amJvROTK6TOnp7PfoAmg/qXiNHI+08jRfA=="
    },
    "requires-port": {
      "version": "1.0.0",
      "resolved": "https://registry.npmjs.org/requires-port/-/requires-port-1.0.0.tgz",
      "integrity": "sha1-kl0mAdOaxIXgkc8NpcbmlNw9yv8="
    },
    "slide": {
      "version": "1.1.6",
      "resolved": "https://registry.npmjs.org/slide/-/slide-1.1.6.tgz",
      "integrity": "sha1-VusCfWW00tzmyy4tMsTUr8nh1wc="
    },
    "stack-trace": {
      "version": "0.0.10",
      "resolved": "https://registry.npmjs.org/stack-trace/-/stack-trace-0.0.10.tgz",
      "integrity": "sha1-VHxws0fo0ytOEI6hoqFZ5f3eGcA="
    },
    "url-parse": {
      "version": "1.4.7",
      "resolved": "https://registry.npmjs.org/url-parse/-/url-parse-1.4.7.tgz",
      "integrity": "sha512-d3uaVyzDB9tQoSXFvuSUNFibTd9zxd2bkVrDRvF5TmvWWQwqE4lgYJ5m+x1DbecWkw+LK4RNl2CU1hHuOKPVlg==",
      "requires": {
        "querystringify": "^2.1.1",
        "requires-port": "^1.0.0"
      }
    },
    "uuid": {
      "version": "3.3.2",
      "resolved": "https://registry.npmjs.org/uuid/-/uuid-3.3.2.tgz",
      "integrity": "sha512-yXJmeNaw3DnnKAOKJE51sL/ZaYfWJRl1pK9dr19YFCu0ObS231AB1/LbqTKRAQ5kw8A90rA6fr4riOUpTZvQZA=="
    },
    "winston": {
      "version": "2.4.1",
      "resolved": "https://registry.npmjs.org/winston/-/winston-2.4.1.tgz",
      "integrity": "sha512-k/+Dkzd39ZdyJHYkuaYmf4ff+7j+sCIy73UCOWHYA67/WXU+FF/Y6PF28j+Vy7qNRPHWO+dR+/+zkoQWPimPqg==",
      "requires": {
        "async": "~1.0.0",
        "colors": "1.0.x",
        "cycle": "1.0.x",
        "eyes": "0.1.x",
        "isstream": "0.1.x",
        "stack-trace": "0.0.x"
      }
    },
    "write-file-atomic": {
      "version": "1.3.4",
      "resolved": "https://registry.npmjs.org/write-file-atomic/-/write-file-atomic-1.3.4.tgz",
      "integrity": "sha1-+Aek8LHZ6ROuekgRLmzDrxmRtF8=",
      "requires": {
        "graceful-fs": "^4.1.11",
        "imurmurhash": "^0.1.4",
        "slide": "^1.1.5"
      }
    }
  }
}
